
Microsoft Visual Studio Solution File, Format Version 12.00
# Visual Studio Version 17
VisualStudioVersion = 17.14.37027.9 d17.14
MinimumVisualStudioVersion = 10.0.40219.1
Project("{2150E333-8FDC-42A3-9474-1A3956D46DE8}") = "src", "src", "{02EA681E-C7D8-13C7-8484-4AC65E1B71E8}"
EndProject
Project("{2150E333-8FDC-42A3-9474-1A3956D46DE8}") = "Gateway", "Gateway", "{8F2CE6A2-54C5-4965-91A7-0ACBD232A292}"
EndProject
Project("{2150E333-8FDC-42A3-9474-1A3956D46DE8}") = "Services", "Services", "{5263C46E-759E-4A72-B6CA-9840251BECCC}"
EndProject
Project("{2150E333-8FDC-42A3-9474-1A3956D46DE8}") = "Shared", "Shared", "{189D0369-F3DA-43F5-AE03-C8DA979639D3}"
EndProject
Project("{2150E333-8FDC-42A3-9474-1A3956D46DE8}") = "Auth", "Auth", "{A5B33E57-3920-496C-9F20-0659CF3CFC52}"
EndProject
Project("{2150E333-8FDC-42A3-9474-1A3956D46DE8}") = "Product", "Product", "{DA8BE383-1BF6-4321-B653-9BEAF7F744A8}"
EndProject
Project("{2150E333-8FDC-42A3-9474-1A3956D46DE8}") = "Log", "Log", "{1482A4C3-EE2B-4BCA-8754-4FA5CBBAF1B1}"
EndProject
Project("{FAE04EC0-301F-11D3-BF4B-00C04F79EFBC}") = "ECommerceApp.Shared", "src\Shared\ECommerceApp.Shared\ECommerceApp.Shared.csproj", "{6545CC0C-5559-41AE-90B2-4CB09FB3B916}"
EndProject
Project("{FAE04EC0-301F-11D3-BF4B-00C04F79EFBC}") = "ECommerceApp.Contracts", "src\Shared\ECommerceApp.Contracts\ECommerceApp.Contracts.csproj", "{A2119DD8-BC2E-4829-AF49-8A0F8F2DECA9}"
EndProject
Project("{FAE04EC0-301F-11D3-BF4B-00C04F79EFBC}") = "ECommerceApp.Auth.Domain", "src\Services\Auth\ECommerceApp.Auth.Domain\ECommerceApp.Auth.Domain.csproj", "{53F2A03D-0556-4CF6-946F-10BC9D4982E8}"
EndProject
Project("{FAE04EC0-301F-11D3-BF4B-00C04F79EFBC}") = "ECommerceApp.Auth.Application", "src\Services\Auth\ECommerceApp.Auth.Application\ECommerceApp.Auth.Application.csproj", "{73A9181E-F9F2-4350-9479-F4FE21260F82}"
EndProject
Project("{FAE04EC0-301F-11D3-BF4B-00C04F79EFBC}") = "ECommerceApp.Auth.Infrastructure", "src\Services\Auth\ECommerceApp.Auth.Infrastructure\ECommerceApp.Auth.Infrastructure.csproj", "{E244739D-4E93-4E62-91D6-91E38388BE41}"
EndProject
Project("{FAE04EC0-301F-11D3-BF4B-00C04F79EFBC}") = "ECommerceApp.Auth.API", "src\Services\Auth\ECommerceApp.Auth.API\ECommerceApp.Auth.API.csproj", "{71C92AC5-3699-47F7-9149-DF71B9F46A8A}"
EndProject
Project("{FAE04EC0-301F-11D3-BF4B-00C04F79EFBC}") = "ECommerceApp.Product.Domain", "src\Services\Product\ECommerceApp.Product.Domain\ECommerceApp.Product.Domain.csproj", "{67D2BF71-69DC-4773-AC9F-7DAB7CC426F7}"
EndProject
Project("{FAE04EC0-301F-11D3-BF4B-00C04F79EFBC}") = "ECommerceApp.Product.Application", "src\Services\Product\ECommerceApp.Product.Application\ECommerceApp.Product.Application.csproj", "{380B123E-AE21-4D1B-A7F0-F2C944404B31}"
EndProject
Project("{FAE04EC0-301F-11D3-BF4B-00C04F79EFBC}") = "ECommerceApp.Product.Infrastructure", "src\Services\Product\ECommerceApp.Product.Infrastructure\ECommerceApp.Product.Infrastructure.csproj", "{962AAA62-291C-491A-8153-A7E818B6F084}"
EndProject
Project("{FAE04EC0-301F-11D3-BF4B-00C04F79EFBC}") = "ECommerceApp.Product.API", "src\Services\Product\ECommerceApp.Product.API\ECommerceApp.Product.API.csproj", "{3789710E-338F-4146-AF59-08C74B8E0FF7}"
EndProject
Project("{FAE04EC0-301F-11D3-BF4B-00C04F79EFBC}") = "ECommerceApp.Log.Application", "src\Services\Log\ECommerceApp.Log.Application\ECommerceApp.Log.Application.csproj", "{DCFB5FBA-6F65-4948-9E21-C107548CDB56}"
EndProject
Project("{FAE04EC0-301F-11D3-BF4B-00C04F79EFBC}") = "ECommerceApp.Log.Infrastructure", "src\Services\Log\ECommerceApp.Log.Infrastructure\ECommerceApp.Log.Infrastructure.csproj", "{6CF185D4-FE64-4D73-8959-E0691961EAA3}"
EndProject
Project("{FAE04EC0-301F-11D3-BF4B-00C04F79EFBC}") = "ECommerceApp.Log.API", "src\Services\Log\ECommerceApp.Log.API\ECommerceApp.Log.API.csproj", "{74BD99CF-6FC2-4FA1-AD0A-A0FAB1A7D16D}"
EndProject
Project("{FAE04EC0-301F-11D3-BF4B-00C04F79EFBC}") = "ECommerceApp.Gateway", "src\Gateway\ECommerceApp.Gateway\ECommerceApp.Gateway.csproj", "{DFB5A594-16D8-4C7E-BFB9-765D2869A772}"
EndProject
Global
	GlobalSection(SolutionConfigurationPlatforms) = preSolution
		Debug|Any CPU = Debug|Any CPU
		Release|Any CPU = Release|Any CPU
	EndGlobalSection
	GlobalSection(ProjectConfigurationPlatforms) = postSolution
		{6545CC0C-5559-41AE-90B2-4CB09FB3B916}.Debug|Any CPU.ActiveCfg = Debug|Any CPU
		{6545CC0C-5559-41AE-90B2-4CB09FB3B916}.Debug|Any CPU.Build.0 = Debug|Any CPU
		{6545CC0C-5559-41AE-90B2-4CB09FB3B916}.Release|Any CPU.ActiveCfg = Release|Any CPU
		{6545CC0C-5559-41AE-90B2-4CB09FB3B916}.Release|Any CPU.Build.0 = Release|Any CPU
		{A2119DD8-BC2E-4829-AF49-8A0F8F2DECA9}.Debug|Any CPU.ActiveCfg = Debug|Any CPU
		{A2119DD8-BC2E-4829-AF49-8A0F8F2DECA9}.Debug|Any CPU.Build.0 = Debug|Any CPU
		{A2119DD8-BC2E-4829-AF49-8A0F8F2DECA9}.Release|Any CPU.ActiveCfg = Release|Any CPU
		{A2119DD8-BC2E-4829-AF49-8A0F8F2DECA9}.Release|Any CPU.Build.0 = Release|Any CPU
		{53F2A03D-0556-4CF6-946F-10BC9D4982E8}.Debug|Any CPU.ActiveCfg = Debug|Any CPU
		{53F2A03D-0556-4CF6-946F-10BC9D4982E8}.Debug|Any CPU.Build.0 = Debug|Any CPU
		{53F2A03D-0556-4CF6-946F-10BC9D4982E8}.Release|Any CPU.ActiveCfg = Release|Any CPU
		{53F2A03D-0556-4CF6-946F-10BC9D4982E8}.Release|Any CPU.Build.0 = Release|Any CPU
		{73A9181E-F9F2-4350-9479-F4FE21260F82}.Debug|Any CPU.ActiveCfg = Debug|Any CPU
		{73A9181E-F9F2-4350-9479-F4FE21260F82}.Debug|Any CPU.Build.0 = Debug|Any CPU
		{73A9181E-F9F2-4350-9479-F4FE21260F82}.Release|Any CPU.ActiveCfg = Release|Any CPU
		{73A9181E-F9F2-4350-9479-F4FE21260F82}.Release|Any CPU.Build.0 = Release|Any CPU
		{E244739D-4E93-4E62-91D6-91E38388BE41}.Debug|Any CPU.ActiveCfg = Debug|Any CPU
		{E244739D-4E93-4E62-91D6-91E38388BE41}.Debug|Any CPU.Build.0 = Debug|Any CPU
		{E244739D-4E93-4E62-91D6-91E38388BE41}.Release|Any CPU.ActiveCfg = Release|Any CPU
		{E244739D-4E93-4E62-91D6-91E38388BE41}.Release|Any CPU.Build.0 = Release|Any CPU
		{71C92AC5-3699-47F7-9149-DF71B9F46A8A}.Debug|Any CPU.ActiveCfg = Debug|Any CPU
		{71C92AC5-3699-47F7-9149-DF71B9F46A8A}.Debug|Any CPU.Build.0 = Debug|Any CPU
		{71C92AC5-3699-47F7-9149-DF71B9F46A8A}.Release|Any CPU.ActiveCfg = Release|Any CPU
		{71C92AC5-3699-47F7-9149-DF71B9F46A8A}.Release|Any CPU.Build.0 = Release|Any CPU
		{67D2BF71-69DC-4773-AC9F-7DAB7CC426F7}.Debug|Any CPU.ActiveCfg = Debug|Any CPU
		{67D2BF71-69DC-4773-AC9F-7DAB7CC426F7}.Debug|Any CPU.Build.0 = Debug|Any CPU
		{67D2BF71-69DC-4773-AC9F-7DAB7CC426F7}.Release|Any CPU.ActiveCfg = Release|Any CPU
		{67D2BF71-69DC-4773-AC9F-7DAB7CC426F7}.Release|Any CPU.Build.0 = Release|Any CPU
		{380B123E-AE21-4D1B-A7F0-F2C944404B31}.Debug|Any CPU.ActiveCfg = Debug|Any CPU
		{380B123E-AE21-4D1B-A7F0-F2C944404B31}.Debug|Any CPU.Build.0 = Debug|Any CPU
		{380B123E-AE21-4D1B-A7F0-F2C944404B31}.Release|Any CPU.ActiveCfg = Release|Any CPU
		{380B123E-AE21-4D1B-A7F0-F2C944404B31}.Release|Any CPU.Build.0 = Release|Any CPU
		{962AAA62-291C-491A-8153-A7E818B6F084}.Debug|Any CPU.ActiveCfg = Debug|Any CPU
		{962AAA62-291C-491A-8153-A7E818B6F084}.Debug|Any CPU.Build.0 = Debug|Any CPU
		{962AAA62-291C-491A-8153-A7E818B6F084}.Release|Any CPU.ActiveCfg = Release|Any CPU
		{962AAA62-291C-491A-8153-A7E818B6F084}.Release|Any CPU.Build.0 = Release|Any CPU
		{3789710E-338F-4146-AF59-08C74B8E0FF7}.Debug|Any CPU.ActiveCfg = Debug|Any CPU
		{3789710E-338F-4146-AF59-08C74B8E0FF7}.Debug|Any CPU.Build.0 = Debug|Any CPU
		{3789710E-338F-4146-AF59-08C74B8E0FF7}.Release|Any CPU.ActiveCfg = Release|Any CPU
		{3789710E-338F-4146-AF59-08C74B8E0FF7}.Release|Any CPU.Build.0 = Release|Any CPU
		{DCFB5FBA-6F65-4948-9E21-C107548CDB56}.Debug|Any CPU.ActiveCfg = Debug|Any CPU
		{DCFB5FBA-6F65-4948-9E21-C107548CDB56}.Debug|Any CPU.Build.0 = Debug|Any CPU
		{DCFB5FBA-6F65-4948-9E21-C107548CDB56}.Release|Any CPU.ActiveCfg = Release|Any CPU
		{DCFB5FBA-6F65-4948-9E21-C107548CDB56}.Release|Any CPU.Build.0 = Release|Any CPU
		{6CF185D4-FE64-4D73-8959-E0691961EAA3}.Debug|Any CPU.ActiveCfg = Debug|Any CPU
		{6CF185D4-FE64-4D73-8959-E0691961EAA3}.Debug|Any CPU.Build.0 = Debug|Any CPU
		{6CF185D4-FE64-4D73-8959-E0691961EAA3}.Release|Any CPU.ActiveCfg = Release|Any CPU
		{6CF185D4-FE64-4D73-8959-E0691961EAA3}.Release|Any CPU.Build.0 = Release|Any CPU
		{74BD99CF-6FC2-4FA1-AD0A-A0FAB1A7D16D}.Debug|Any CPU.ActiveCfg = Debug|Any CPU
		{74BD99CF-6FC2-4FA1-AD0A-A0FAB1A7D16D}.Debug|Any CPU.Build.0 = Debug|Any CPU
		{74BD99CF-6FC2-4FA1-AD0A-A0FAB1A7D16D}.Release|Any CPU.ActiveCfg = Release|Any CPU
		{74BD99CF-6FC2-4FA1-AD0A-A0FAB1A7D16D}.Release|Any CPU.Build.0 = Release|Any CPU
		{DFB5A594-16D8-4C7E-BFB9-765D2869A772}.Debug|Any CPU.ActiveCfg = Debug|Any CPU
		{DFB5A594-16D8-4C7E-BFB9-765D2869A772}.Debug|Any CPU.Build.0 = Debug|Any CPU
		{DFB5A594-16D8-4C7E-BFB9-765D2869A772}.Release|Any CPU.ActiveCfg = Release|Any CPU
		{DFB5A594-16D8-4C7E-BFB9-765D2869A772}.Release|Any CPU.Build.0 = Release|Any CPU
	EndGlobalSection
	GlobalSection(SolutionProperties) = preSolution
		HideSolutionNode = FALSE
	EndGlobalSection
	GlobalSection(NestedProjects) = preSolution
		{8F2CE6A2-54C5-4965-91A7-0ACBD232A292} = {02EA681E-C7D8-13C7-8484-4AC65E1B71E8}
		{5263C46E-759E-4A72-B6CA-9840251BECCC} = {02EA681E-C7D8-13C7-8484-4AC65E1B71E8}
		{189D0369-F3DA-43F5-AE03-C8DA979639D3} = {02EA681E-C7D8-13C7-8484-4AC65E1B71E8}
		{A5B33E57-3920-496C-9F20-0659CF3CFC52} = {5263C46E-759E-4A72-B6CA-9840251BECCC}
		{DA8BE383-1BF6-4321-B653-9BEAF7F744A8} = {5263C46E-759E-4A72-B6CA-9840251BECCC}
		{1482A4C3-EE2B-4BCA-8754-4FA5CBBAF1B1} = {5263C46E-759E-4A72-B6CA-9840251BECCC}
		{6545CC0C-5559-41AE-90B2-4CB09FB3B916} = {189D0369-F3DA-43F5-AE03-C8DA979639D3}
		{A2119DD8-BC2E-4829-AF49-8A0F8F2DECA9} = {189D0369-F3DA-43F5-AE03-C8DA979639D3}
		{53F2A03D-0556-4CF6-946F-10BC9D4982E8} = {A5B33E57-3920-496C-9F20-0659CF3CFC52}
		{73A9181E-F9F2-4350-9479-F4FE21260F82} = {A5B33E57-3920-496C-9F20-0659CF3CFC52}
		{E244739D-4E93-4E62-91D6-91E38388BE41} = {A5B33E57-3920-496C-9F20-0659CF3CFC52}
		{71C92AC5-3699-47F7-9149-DF71B9F46A8A} = {A5B33E57-3920-496C-9F20-0659CF3CFC52}
		{67D2BF71-69DC-4773-AC9F-7DAB7CC426F7} = {DA8BE383-1BF6-4321-B653-9BEAF7F744A8}
		{380B123E-AE21-4D1B-A7F0-F2C944404B31} = {DA8BE383-1BF6-4321-B653-9BEAF7F744A8}
		{962AAA62-291C-491A-8153-A7E818B6F084} = {DA8BE383-1BF6-4321-B653-9BEAF7F744A8}
		{3789710E-338F-4146-AF59-08C74B8E0FF7} = {DA8BE383-1BF6-4321-B653-9BEAF7F744A8}
		{DCFB5FBA-6F65-4948-9E21-C107548CDB56} = {1482A4C3-EE2B-4BCA-8754-4FA5CBBAF1B1}
		{6CF185D4-FE64-4D73-8959-E0691961EAA3} = {1482A4C3-EE2B-4BCA-8754-4FA5CBBAF1B1}
		{74BD99CF-6FC2-4FA1-AD0A-A0FAB1A7D16D} = {1482A4C3-EE2B-4BCA-8754-4FA5CBBAF1B1}
		{DFB5A594-16D8-4C7E-BFB9-765D2869A772} = {8F2CE6A2-54C5-4965-91A7-0ACBD232A292}
	EndGlobalSection
	GlobalSection(ExtensibilityGlobals) = postSolution
		SolutionGuid = {172E9EB2-B22F-4AE1-81ED-7D08E339B284}
	EndGlobalSection
EndGlobal
